
Microsoft Visual Studio Solution File, Format Version 12.00
# Visual Studio Version 17
VisualStudioVersion = 17.6.33815.320
MinimumVisualStudioVersion = 10.0.40219.1
Project("{8BC9CEB8-8B4A-11D0-8D11-00A0C91BC942}") = "IntrocPP_Task1_StringUtilityClass", "IntrocPP_Task1_StringUtilityClass\IntrocPP_Task1_StringUtilityClass.vcxproj", "{7517E197-2398-48E7-9FFF-7A89C4D3F359}"
EndProject
Global
	GlobalSection(SolutionConfigurationPlatforms) = preSolution
		Debug|x64 = Debug|x64
		Debug|x86 = Debug|x86
		Release|x64 = Release|x64
		Release|x86 = Release|x86
	EndGlobalSection
	GlobalSection(ProjectConfigurationPlatforms) = postSolution
		{7517E197-2398-48E7-9FFF-7A89C4D3F359}.Debug|x64.ActiveCfg = Debug|x64
		{7517E197-2398-48E7-9FFF-7A89C4D3F359}.Debug|x64.Build.0 = Debug|x64
		{7517E197-2398-48E7-9FFF-7A89C4D3F359}.Debug|x86.ActiveCfg = Debug|Win32
		{7517E197-2398-48E7-9FFF-7A89C4D3F359}.Debug|x86.Build.0 = Debug|Win32
		{7517E197-2398-48E7-9FFF-7A89C4D3F359}.Release|x64.ActiveCfg = Release|x64
		{7517E197-2398-48E7-9FFF-7A89C4D3F359}.Release|x64.Build.0 = Release|x64
		{7517E197-2398-48E7-9FFF-7A89C4D3F359}.Release|x86.ActiveCfg = Release|Win32
		{7517E197-2398-48E7-9FFF-7A89C4D3F359}.Release|x86.Build.0 = Release|Win32
	EndGlobalSection
	GlobalSection(SolutionProperties) = preSolution
		HideSolutionNode = FALSE
	EndGlobalSection
	GlobalSection(ExtensibilityGlobals) = postSolution
		SolutionGuid = {7797BE65-C0D1-4B27-B1AF-1CFD80BA491E}
	EndGlobalSection
EndGlobal
